
Microsoft Visual Studio Solution File, Format Version 12.00
# Visual Studio Version 17
VisualStudioVersion = 17.0.31717.71
MinimumVisualStudioVersion = 10.0.40219.1
Project("{9A19103F-16F7-4668-BE54-9A1E7A4F7556}") = "Text-Me.Service", "Text-Me.Service\Text-Me.Service.csproj", "{241CDEA4-DCB7-4D8C-8338-10EF988AECB2}"
EndProject
Project("{9A19103F-16F7-4668-BE54-9A1E7A4F7556}") = "Text-Me.Test", "Text-Me.Test\Text-Me.Test.csproj", "{AA196A29-044F-4AA6-847B-CFA5F2D1B88A}"
EndProject
Project("{9A19103F-16F7-4668-BE54-9A1E7A4F7556}") = "Text-Me-Client.Console", "Text-Me.Console\Text-Me-Client.Console.csproj", "{51431654-DEB9-40D6-82C9-37A900A70FD4}"
EndProject
Global
	GlobalSection(SolutionConfigurationPlatforms) = preSolution
		Debug|Any CPU = Debug|Any CPU
		Release|Any CPU = Release|Any CPU
	EndGlobalSection
	GlobalSection(ProjectConfigurationPlatforms) = postSolution
		{241CDEA4-DCB7-4D8C-8338-10EF988AECB2}.Debug|Any CPU.ActiveCfg = Debug|Any CPU
		{241CDEA4-DCB7-4D8C-8338-10EF988AECB2}.Debug|Any CPU.Build.0 = Debug|Any CPU
		{241CDEA4-DCB7-4D8C-8338-10EF988AECB2}.Release|Any CPU.ActiveCfg = Release|Any CPU
		{241CDEA4-DCB7-4D8C-8338-10EF988AECB2}.Release|Any CPU.Build.0 = Release|Any CPU
		{AA196A29-044F-4AA6-847B-CFA5F2D1B88A}.Debug|Any CPU.ActiveCfg = Debug|Any CPU
		{AA196A29-044F-4AA6-847B-CFA5F2D1B88A}.Debug|Any CPU.Build.0 = Debug|Any CPU
		{AA196A29-044F-4AA6-847B-CFA5F2D1B88A}.Release|Any CPU.ActiveCfg = Release|Any CPU
		{AA196A29-044F-4AA6-847B-CFA5F2D1B88A}.Release|Any CPU.Build.0 = Release|Any CPU
		{51431654-DEB9-40D6-82C9-37A900A70FD4}.Debug|Any CPU.ActiveCfg = Debug|Any CPU
		{51431654-DEB9-40D6-82C9-37A900A70FD4}.Debug|Any CPU.Build.0 = Debug|Any CPU
		{51431654-DEB9-40D6-82C9-37A900A70FD4}.Release|Any CPU.ActiveCfg = Release|Any CPU
		{51431654-DEB9-40D6-82C9-37A900A70FD4}.Release|Any CPU.Build.0 = Release|Any CPU
	EndGlobalSection
	GlobalSection(SolutionProperties) = preSolution
		HideSolutionNode = FALSE
	EndGlobalSection
	GlobalSection(ExtensibilityGlobals) = postSolution
		SolutionGuid = {D7E2D2E5-0ACD-41C9-9041-7CAB714ACF28}
	EndGlobalSection
EndGlobal
